// !$*UTF8*$!
{
	archiveVersion = 1;
	classes = {
	};
	objectVersion = 55;
	objects = {

/* Begin PBXBuildFile section */
		62783C15284FC5100015F92C /* WelcomeViewController.swift in Sources */ = {isa = PBXBuildFile; fileRef = 62783C13284FC5100015F92C /* WelcomeViewController.swift */; };
		62783C16284FC5100015F92C /* WelcomeViewController.xib in Resources */ = {isa = PBXBuildFile; fileRef = 62783C14284FC5100015F92C /* WelcomeViewController.xib */; };
		95288381284FA65300DD1B13 /* AppDelegate.swift in Sources */ = {isa = PBXBuildFile; fileRef = 95288380284FA65300DD1B13 /* AppDelegate.swift */; };
		95288383284FA65300DD1B13 /* SceneDelegate.swift in Sources */ = {isa = PBXBuildFile; fileRef = 95288382284FA65300DD1B13 /* SceneDelegate.swift */; };
		95288385284FA65300DD1B13 /* ViewController.swift in Sources */ = {isa = PBXBuildFile; fileRef = 95288384284FA65300DD1B13 /* ViewController.swift */; };
		9528838A284FA65400DD1B13 /* Assets.xcassets in Resources */ = {isa = PBXBuildFile; fileRef = 95288389284FA65400DD1B13 /* Assets.xcassets */; };
		9528838D284FA65400DD1B13 /* LaunchScreen.storyboard in Resources */ = {isa = PBXBuildFile; fileRef = 9528838B284FA65400DD1B13 /* LaunchScreen.storyboard */; };
		9586DD2E2850DFA2000BCF3D /* CoordinatorProtocol.swift in Sources */ = {isa = PBXBuildFile; fileRef = 9586DD2D2850DFA2000BCF3D /* CoordinatorProtocol.swift */; };
		9586DD302850E2B8000BCF3D /* MainCoordinator.swift in Sources */ = {isa = PBXBuildFile; fileRef = 9586DD2F2850E2B8000BCF3D /* MainCoordinator.swift */; };
		9586DD332850E488000BCF3D /* VCExtension.swift in Sources */ = {isa = PBXBuildFile; fileRef = 9586DD322850E488000BCF3D /* VCExtension.swift */; };
		9586DD362850E59D000BCF3D /* HomeViewCoordinator.swift in Sources */ = {isa = PBXBuildFile; fileRef = 9586DD352850E59D000BCF3D /* HomeViewCoordinator.swift */; };
		9586DD3A2850E971000BCF3D /* ActivitiesViewController.swift in Sources */ = {isa = PBXBuildFile; fileRef = 9586DD382850E971000BCF3D /* ActivitiesViewController.swift */; };
		9586DD3B2850E971000BCF3D /* ActivitiesViewController.xib in Resources */ = {isa = PBXBuildFile; fileRef = 9586DD392850E971000BCF3D /* ActivitiesViewController.xib */; };
		9586DD3D2850E9E0000BCF3D /* ActivitesViewCoordinator.swift in Sources */ = {isa = PBXBuildFile; fileRef = 9586DD3C2850E9E0000BCF3D /* ActivitesViewCoordinator.swift */; };
		B402862728512D2E003BFAAD /* TermsViewController.swift in Sources */ = {isa = PBXBuildFile; fileRef = B402862528512D2E003BFAAD /* TermsViewController.swift */; };
		B402862828512D2E003BFAAD /* TermsViewController.xib in Resources */ = {isa = PBXBuildFile; fileRef = B402862628512D2E003BFAAD /* TermsViewController.xib */; };
/* End PBXBuildFile section */

/* Begin PBXFileReference section */
		62783C13284FC5100015F92C /* WelcomeViewController.swift */ = {isa = PBXFileReference; lastKnownFileType = sourcecode.swift; path = WelcomeViewController.swift; sourceTree = "<group>"; };
		62783C14284FC5100015F92C /* WelcomeViewController.xib */ = {isa = PBXFileReference; lastKnownFileType = file.xib; path = WelcomeViewController.xib; sourceTree = "<group>"; };
		9528837D284FA65300DD1B13 /* notBoredApp.app */ = {isa = PBXFileReference; explicitFileType = wrapper.application; includeInIndex = 0; path = notBoredApp.app; sourceTree = BUILT_PRODUCTS_DIR; };
		95288380284FA65300DD1B13 /* AppDelegate.swift */ = {isa = PBXFileReference; lastKnownFileType = sourcecode.swift; path = AppDelegate.swift; sourceTree = "<group>"; };
		95288382284FA65300DD1B13 /* SceneDelegate.swift */ = {isa = PBXFileReference; lastKnownFileType = sourcecode.swift; path = SceneDelegate.swift; sourceTree = "<group>"; };
		95288384284FA65300DD1B13 /* ViewController.swift */ = {isa = PBXFileReference; lastKnownFileType = sourcecode.swift; path = ViewController.swift; sourceTree = "<group>"; };
		95288389284FA65400DD1B13 /* Assets.xcassets */ = {isa = PBXFileReference; lastKnownFileType = folder.assetcatalog; path = Assets.xcassets; sourceTree = "<group>"; };
		9528838C284FA65400DD1B13 /* Base */ = {isa = PBXFileReference; lastKnownFileType = file.storyboard; name = Base; path = Base.lproj/LaunchScreen.storyboard; sourceTree = "<group>"; };
		9528838E284FA65400DD1B13 /* Info.plist */ = {isa = PBXFileReference; lastKnownFileType = text.plist.xml; path = Info.plist; sourceTree = "<group>"; };
		9586DD2D2850DFA2000BCF3D /* CoordinatorProtocol.swift */ = {isa = PBXFileReference; lastKnownFileType = sourcecode.swift; path = CoordinatorProtocol.swift; sourceTree = "<group>"; };
		9586DD2F2850E2B8000BCF3D /* MainCoordinator.swift */ = {isa = PBXFileReference; lastKnownFileType = sourcecode.swift; path = MainCoordinator.swift; sourceTree = "<group>"; };
		9586DD322850E488000BCF3D /* VCExtension.swift */ = {isa = PBXFileReference; lastKnownFileType = sourcecode.swift; path = VCExtension.swift; sourceTree = "<group>"; };
		9586DD352850E59D000BCF3D /* HomeViewCoordinator.swift */ = {isa = PBXFileReference; lastKnownFileType = sourcecode.swift; path = HomeViewCoordinator.swift; sourceTree = "<group>"; };
		9586DD382850E971000BCF3D /* ActivitiesViewController.swift */ = {isa = PBXFileReference; lastKnownFileType = sourcecode.swift; path = ActivitiesViewController.swift; sourceTree = "<group>"; };
		9586DD392850E971000BCF3D /* ActivitiesViewController.xib */ = {isa = PBXFileReference; lastKnownFileType = file.xib; path = ActivitiesViewController.xib; sourceTree = "<group>"; };
		9586DD3C2850E9E0000BCF3D /* ActivitesViewCoordinator.swift */ = {isa = PBXFileReference; lastKnownFileType = sourcecode.swift; path = ActivitesViewCoordinator.swift; sourceTree = "<group>"; };
		B402862528512D2E003BFAAD /* TermsViewController.swift */ = {isa = PBXFileReference; fileEncoding = 4; lastKnownFileType = sourcecode.swift; path = TermsViewController.swift; sourceTree = "<group>"; };
		B402862628512D2E003BFAAD /* TermsViewController.xib */ = {isa = PBXFileReference; fileEncoding = 4; lastKnownFileType = file.xib; path = TermsViewController.xib; sourceTree = "<group>"; };
/* End PBXFileReference section */

/* Begin PBXFrameworksBuildPhase section */
		9528837A284FA65300DD1B13 /* Frameworks */ = {
			isa = PBXFrameworksBuildPhase;
			buildActionMask = 2147483647;
			files = (
			);
			runOnlyForDeploymentPostprocessing = 0;
		};
/* End PBXFrameworksBuildPhase section */

/* Begin PBXGroup section */
		95288374284FA65300DD1B13 = {
			isa = PBXGroup;
			children = (
				9528837F284FA65300DD1B13 /* notBoredApp */,
				9528837E284FA65300DD1B13 /* Products */,
			);
			sourceTree = "<group>";
		};
		9528837E284FA65300DD1B13 /* Products */ = {
			isa = PBXGroup;
			children = (
				9528837D284FA65300DD1B13 /* notBoredApp.app */,
			);
			name = Products;
			sourceTree = "<group>";
		};
		9528837F284FA65300DD1B13 /* notBoredApp */ = {
			isa = PBXGroup;
			children = (
				9586DD342850E584000BCF3D /* Coordinators */,
				9543546628511D87006FE21A /* Controllers */,
				9543546728511D98006FE21A /* Views */,
				9586DD312850E472000BCF3D /* Util */,
				95288380284FA65300DD1B13 /* AppDelegate.swift */,
				95288382284FA65300DD1B13 /* SceneDelegate.swift */,
				95288384284FA65300DD1B13 /* ViewController.swift */,
				95288389284FA65400DD1B13 /* Assets.xcassets */,
				9528838B284FA65400DD1B13 /* LaunchScreen.storyboard */,
				9528838E284FA65400DD1B13 /* Info.plist */,
				9586DD2D2850DFA2000BCF3D /* CoordinatorProtocol.swift */,
				9586DD2F2850E2B8000BCF3D /* MainCoordinator.swift */,
			);
			path = notBoredApp;
			sourceTree = "<group>";
		};
		9543546628511D87006FE21A /* Controllers */ = {
			isa = PBXGroup;
			children = (
				B402862528512D2E003BFAAD /* TermsViewController.swift */,
				62783C13284FC5100015F92C /* WelcomeViewController.swift */,
				9586DD382850E971000BCF3D /* ActivitiesViewController.swift */,
			);
			path = Controllers;
			sourceTree = "<group>";
		};
		9543546728511D98006FE21A /* Views */ = {
			isa = PBXGroup;
			children = (
				B402862628512D2E003BFAAD /* TermsViewController.xib */,
				62783C14284FC5100015F92C /* WelcomeViewController.xib */,
				9586DD392850E971000BCF3D /* ActivitiesViewController.xib */,
			);
			path = Views;
			sourceTree = "<group>";
		};
		9586DD312850E472000BCF3D /* Util */ = {
			isa = PBXGroup;
			children = (
				9586DD322850E488000BCF3D /* VCExtension.swift */,
			);
			path = Util;
			sourceTree = "<group>";
		};
		9586DD342850E584000BCF3D /* Coordinators */ = {
			isa = PBXGroup;
			children = (
				9586DD352850E59D000BCF3D /* HomeViewCoordinator.swift */,
				9586DD3C2850E9E0000BCF3D /* ActivitesViewCoordinator.swift */,
			);
			path = Coordinators;
			sourceTree = "<group>";
		};
/* End PBXGroup section */

/* Begin PBXNativeTarget section */
		9528837C284FA65300DD1B13 /* notBoredApp */ = {
			isa = PBXNativeTarget;
			buildConfigurationList = 95288391284FA65400DD1B13 /* Build configuration list for PBXNativeTarget "notBoredApp" */;
			buildPhases = (
				95288379284FA65300DD1B13 /* Sources */,
				9528837A284FA65300DD1B13 /* Frameworks */,
				9528837B284FA65300DD1B13 /* Resources */,
			);
			buildRules = (
			);
			dependencies = (
			);
			name = notBoredApp;
			productName = notBoredApp;
			productReference = 9528837D284FA65300DD1B13 /* notBoredApp.app */;
			productType = "com.apple.product-type.application";
		};
/* End PBXNativeTarget section */

/* Begin PBXProject section */
		95288375284FA65300DD1B13 /* Project object */ = {
			isa = PBXProject;
			attributes = {
				BuildIndependentTargetsInParallel = 1;
				LastSwiftUpdateCheck = 1330;
				LastUpgradeCheck = 1330;
				TargetAttributes = {
					9528837C284FA65300DD1B13 = {
						CreatedOnToolsVersion = 13.3.1;
					};
				};
			};
			buildConfigurationList = 95288378284FA65300DD1B13 /* Build configuration list for PBXProject "notBoredApp" */;
			compatibilityVersion = "Xcode 13.0";
			developmentRegion = en;
			hasScannedForEncodings = 0;
			knownRegions = (
				en,
				Base,
			);
			mainGroup = 95288374284FA65300DD1B13;
			productRefGroup = 9528837E284FA65300DD1B13 /* Products */;
			projectDirPath = "";
			projectRoot = "";
			targets = (
				9528837C284FA65300DD1B13 /* notBoredApp */,
			);
		};
/* End PBXProject section */

/* Begin PBXResourcesBuildPhase section */
		9528837B284FA65300DD1B13 /* Resources */ = {
			isa = PBXResourcesBuildPhase;
			buildActionMask = 2147483647;
			files = (
				9528838D284FA65400DD1B13 /* LaunchScreen.storyboard in Resources */,
				9586DD3B2850E971000BCF3D /* ActivitiesViewController.xib in Resources */,
				62783C16284FC5100015F92C /* WelcomeViewController.xib in Resources */,
				B402862828512D2E003BFAAD /* TermsViewController.xib in Resources */,
				9528838A284FA65400DD1B13 /* Assets.xcassets in Resources */,
			);
			runOnlyForDeploymentPostprocessing = 0;
		};
/* End PBXResourcesBuildPhase section */

/* Begin PBXSourcesBuildPhase section */
		95288379284FA65300DD1B13 /* Sources */ = {
			isa = PBXSourcesBuildPhase;
			buildActionMask = 2147483647;
			files = (
				95288385284FA65300DD1B13 /* ViewController.swift in Sources */,
				9586DD302850E2B8000BCF3D /* MainCoordinator.swift in Sources */,
				9586DD3D2850E9E0000BCF3D /* ActivitesViewCoordinator.swift in Sources */,
				9586DD362850E59D000BCF3D /* HomeViewCoordinator.swift in Sources */,
				62783C15284FC5100015F92C /* WelcomeViewController.swift in Sources */,
				9586DD3A2850E971000BCF3D /* ActivitiesViewController.swift in Sources */,
				9586DD2E2850DFA2000BCF3D /* CoordinatorProtocol.swift in Sources */,
				9586DD332850E488000BCF3D /* VCExtension.swift in Sources */,
				95288381284FA65300DD1B13 /* AppDelegate.swift in Sources */,
				B402862728512D2E003BFAAD /* TermsViewController.swift in Sources */,
				95288383284FA65300DD1B13 /* SceneDelegate.swift in Sources */,
			);
			runOnlyForDeploymentPostprocessing = 0;
		};
/* End PBXSourcesBuildPhase section */

/* Begin PBXVariantGroup section */
		9528838B284FA65400DD1B13 /* LaunchScreen.storyboard */ = {
			isa = PBXVariantGroup;
			children = (
				9528838C284FA65400DD1B13 /* Base */,
			);
			name = LaunchScreen.storyboard;
			sourceTree = "<group>";
		};
/* End PBXVariantGroup section */

/* Begin XCBuildConfiguration section */
		9528838F284FA65400DD1B13 /* Debug */ = {
			isa = XCBuildConfiguration;
			buildSettings = {
				ALWAYS_SEARCH_USER_PATHS = NO;
				CLANG_ANALYZER_NONNULL = YES;
				CLANG_ANALYZER_NUMBER_OBJECT_CONVERSION = YES_AGGRESSIVE;
				CLANG_CXX_LANGUAGE_STANDARD = "gnu++17";
				CLANG_ENABLE_MODULES = YES;
				CLANG_ENABLE_OBJC_ARC = YES;
				CLANG_ENABLE_OBJC_WEAK = YES;
				CLANG_WARN_BLOCK_CAPTURE_AUTORELEASING = YES;
				CLANG_WARN_BOOL_CONVERSION = YES;
				CLANG_WARN_COMMA = YES;
				CLANG_WARN_CONSTANT_CONVERSION = YES;
				CLANG_WARN_DEPRECATED_OBJC_IMPLEMENTATIONS = YES;
				CLANG_WARN_DIRECT_OBJC_ISA_USAGE = YES_ERROR;
				CLANG_WARN_DOCUMENTATION_COMMENTS = YES;
				CLANG_WARN_EMPTY_BODY = YES;
				CLANG_WARN_ENUM_CONVERSION = YES;
				CLANG_WARN_INFINITE_RECURSION = YES;
				CLANG_WARN_INT_CONVERSION = YES;
				CLANG_WARN_NON_LITERAL_NULL_CONVERSION = YES;
				CLANG_WARN_OBJC_IMPLICIT_RETAIN_SELF = YES;
				CLANG_WARN_OBJC_LITERAL_CONVERSION = YES;
				CLANG_WARN_OBJC_ROOT_CLASS = YES_ERROR;
				CLANG_WARN_QUOTED_INCLUDE_IN_FRAMEWORK_HEADER = YES;
				CLANG_WARN_RANGE_LOOP_ANALYSIS = YES;
				CLANG_WARN_STRICT_PROTOTYPES = YES;
				CLANG_WARN_SUSPICIOUS_MOVE = YES;
				CLANG_WARN_UNGUARDED_AVAILABILITY = YES_AGGRESSIVE;
				CLANG_WARN_UNREACHABLE_CODE = YES;
				CLANG_WARN__DUPLICATE_METHOD_MATCH = YES;
				COPY_PHASE_STRIP = NO;
				DEBUG_INFORMATION_FORMAT = dwarf;
				ENABLE_STRICT_OBJC_MSGSEND = YES;
				ENABLE_TESTABILITY = YES;
				GCC_C_LANGUAGE_STANDARD = gnu11;
				GCC_DYNAMIC_NO_PIC = NO;
				GCC_NO_COMMON_BLOCKS = YES;
				GCC_OPTIMIZATION_LEVEL = 0;
				GCC_PREPROCESSOR_DEFINITIONS = (
					"DEBUG=1",
					"$(inherited)",
				);
				GCC_WARN_64_TO_32_BIT_CONVERSION = YES;
				GCC_WARN_ABOUT_RETURN_TYPE = YES_ERROR;
				GCC_WARN_UNDECLARED_SELECTOR = YES;
				GCC_WARN_UNINITIALIZED_AUTOS = YES_AGGRESSIVE;
				GCC_WARN_UNUSED_FUNCTION = YES;
				GCC_WARN_UNUSED_VARIABLE = YES;
				IPHONEOS_DEPLOYMENT_TARGET = 15.4;
				MTL_ENABLE_DEBUG_INFO = INCLUDE_SOURCE;
				MTL_FAST_MATH = YES;
				ONLY_ACTIVE_ARCH = YES;
				SDKROOT = iphoneos;
				SWIFT_ACTIVE_COMPILATION_CONDITIONS = DEBUG;
				SWIFT_OPTIMIZATION_LEVEL = "-Onone";
			};
			name = Debug;
		};
		95288390284FA65400DD1B13 /* Release */ = {
			isa = XCBuildConfiguration;
			buildSettings = {
				ALWAYS_SEARCH_USER_PATHS = NO;
				CLANG_ANALYZER_NONNULL = YES;
				CLANG_ANALYZER_NUMBER_OBJECT_CONVERSION = YES_AGGRESSIVE;
				CLANG_CXX_LANGUAGE_STANDARD = "gnu++17";
				CLANG_ENABLE_MODULES = YES;
				CLANG_ENABLE_OBJC_ARC = YES;
				CLANG_ENABLE_OBJC_WEAK = YES;
				CLANG_WARN_BLOCK_CAPTURE_AUTORELEASING = YES;
				CLANG_WARN_BOOL_CONVERSION = YES;
				CLANG_WARN_COMMA = YES;
				CLANG_WARN_CONSTANT_CONVERSION = YES;
				CLANG_WARN_DEPRECATED_OBJC_IMPLEMENTATIONS = YES;
				CLANG_WARN_DIRECT_OBJC_ISA_USAGE = YES_ERROR;
				CLANG_WARN_DOCUMENTATION_COMMENTS = YES;
				CLANG_WARN_EMPTY_BODY = YES;
				CLANG_WARN_ENUM_CONVERSION = YES;
				CLANG_WARN_INFINITE_RECURSION = YES;
				CLANG_WARN_INT_CONVERSION = YES;
				CLANG_WARN_NON_LITERAL_NULL_CONVERSION = YES;
				CLANG_WARN_OBJC_IMPLICIT_RETAIN_SELF = YES;
				CLANG_WARN_OBJC_LITERAL_CONVERSION = YES;
				CLANG_WARN_OBJC_ROOT_CLASS = YES_ERROR;
				CLANG_WARN_QUOTED_INCLUDE_IN_FRAMEWORK_HEADER = YES;
				CLANG_WARN_RANGE_LOOP_ANALYSIS = YES;
				CLANG_WARN_STRICT_PROTOTYPES = YES;
				CLANG_WARN_SUSPICIOUS_MOVE = YES;
				CLANG_WARN_UNGUARDED_AVAILABILITY = YES_AGGRESSIVE;
				CLANG_WARN_UNREACHABLE_CODE = YES;
				CLANG_WARN__DUPLICATE_METHOD_MATCH = YES;
				COPY_PHASE_STRIP = NO;
				DEBUG_INFORMATION_FORMAT = "dwarf-with-dsym";
				ENABLE_NS_ASSERTIONS = NO;
				ENABLE_STRICT_OBJC_MSGSEND = YES;
				GCC_C_LANGUAGE_STANDARD = gnu11;
				GCC_NO_COMMON_BLOCKS = YES;
				GCC_WARN_64_TO_32_BIT_CONVERSION = YES;
				GCC_WARN_ABOUT_RETURN_TYPE = YES_ERROR;
				GCC_WARN_UNDECLARED_SELECTOR = YES;
				GCC_WARN_UNINITIALIZED_AUTOS = YES_AGGRESSIVE;
				GCC_WARN_UNUSED_FUNCTION = YES;
				GCC_WARN_UNUSED_VARIABLE = YES;
				IPHONEOS_DEPLOYMENT_TARGET = 15.4;
				MTL_ENABLE_DEBUG_INFO = NO;
				MTL_FAST_MATH = YES;
				SDKROOT = iphoneos;
				SWIFT_COMPILATION_MODE = wholemodule;
				SWIFT_OPTIMIZATION_LEVEL = "-O";
				VALIDATE_PRODUCT = YES;
			};
			name = Release;
		};
		95288392284FA65400DD1B13 /* Debug */ = {
			isa = XCBuildConfiguration;
			buildSettings = {
				ASSETCATALOG_COMPILER_APPICON_NAME = AppIcon;
				ASSETCATALOG_COMPILER_GLOBAL_ACCENT_COLOR_NAME = AccentColor;
				CODE_SIGN_STYLE = Automatic;
				CURRENT_PROJECT_VERSION = 1;
				DEVELOPMENT_TEAM = 9A6GCA4SF6;
				GENERATE_INFOPLIST_FILE = YES;
				INFOPLIST_FILE = notBoredApp/Info.plist;
				INFOPLIST_KEY_NSMainNibFile = WelcomeViewController;
				INFOPLIST_KEY_UIApplicationSupportsIndirectInputEvents = YES;
				INFOPLIST_KEY_UILaunchStoryboardName = LaunchScreen;
				INFOPLIST_KEY_UISupportedInterfaceOrientations_iPad = "UIInterfaceOrientationPortrait UIInterfaceOrientationPortraitUpsideDown UIInterfaceOrientationLandscapeLeft UIInterfaceOrientationLandscapeRight";
				INFOPLIST_KEY_UISupportedInterfaceOrientations_iPhone = "UIInterfaceOrientationPortrait UIInterfaceOrientationLandscapeLeft UIInterfaceOrientationLandscapeRight";
				IPHONEOS_DEPLOYMENT_TARGET = 13.0;
				LD_RUNPATH_SEARCH_PATHS = (
					"$(inherited)",
					"@executable_path/Frameworks",
				);
				MARKETING_VERSION = 1.0;
				PRODUCT_BUNDLE_IDENTIFIER = com.mercadolibre.notBoredApp;
				PRODUCT_NAME = "$(TARGET_NAME)";
				SWIFT_EMIT_LOC_STRINGS = YES;
				SWIFT_VERSION = 5.0;
				TARGETED_DEVICE_FAMILY = "1,2";
			};
			name = Debug;
		};
		95288393284FA65400DD1B13 /* Release */ = {
			isa = XCBuildConfiguration;
			buildSettings = {
				ASSETCATALOG_COMPILER_APPICON_NAME = AppIcon;
				ASSETCATALOG_COMPILER_GLOBAL_ACCENT_COLOR_NAME = AccentColor;
				CODE_SIGN_STYLE = Automatic;
				CURRENT_PROJECT_VERSION = 1;
				DEVELOPMENT_TEAM = 9A6GCA4SF6;
				GENERATE_INFOPLIST_FILE = YES;
				INFOPLIST_FILE = notBoredApp/Info.plist;
				INFOPLIST_KEY_NSMainNibFile = WelcomeViewController;
				INFOPLIST_KEY_UIApplicationSupportsIndirectInputEvents = YES;
				INFOPLIST_KEY_UILaunchStoryboardName = LaunchScreen;
				INFOPLIST_KEY_UISupportedInterfaceOrientations_iPad = "UIInterfaceOrientationPortrait UIInterfaceOrientationPortraitUpsideDown UIInterfaceOrientationLandscapeLeft UIInterfaceOrientationLandscapeRight";
				INFOPLIST_KEY_UISupportedInterfaceOrientations_iPhone = "UIInterfaceOrientationPortrait UIInterfaceOrientationLandscapeLeft UIInterfaceOrientationLandscapeRight";
				IPHONEOS_DEPLOYMENT_TARGET = 13.0;
				LD_RUNPATH_SEARCH_PATHS = (
					"$(inherited)",
					"@executable_path/Frameworks",
				);
				MARKETING_VERSION = 1.0;
				PRODUCT_BUNDLE_IDENTIFIER = com.mercadolibre.notBoredApp;
				PRODUCT_NAME = "$(TARGET_NAME)";
				SWIFT_EMIT_LOC_STRINGS = YES;
				SWIFT_VERSION = 5.0;
				TARGETED_DEVICE_FAMILY = "1,2";
			};
			name = Release;
		};
/* End XCBuildConfiguration section */

/* Begin XCConfigurationList section */
		95288378284FA65300DD1B13 /* Build configuration list for PBXProject "notBoredApp" */ = {
			isa = XCConfigurationList;
			buildConfigurations = (
				9528838F284FA65400DD1B13 /* Debug */,
				95288390284FA65400DD1B13 /* Release */,
			);
			defaultConfigurationIsVisible = 0;
			defaultConfigurationName = Release;
		};
		95288391284FA65400DD1B13 /* Build configuration list for PBXNativeTarget "notBoredApp" */ = {
			isa = XCConfigurationList;
			buildConfigurations = (
				95288392284FA65400DD1B13 /* Debug */,
				95288393284FA65400DD1B13 /* Release */,
			);
			defaultConfigurationIsVisible = 0;
			defaultConfigurationName = Release;
		};
/* End XCConfigurationList section */
	};
	rootObject = 95288375284FA65300DD1B13 /* Project object */;
}
